Microsoft Visual Studio Solution File, Format Version 12.00
# Visual Studio 14
Project("{8BC9CEB8-8B4A-11D0-8D11-00A0C91BC942}") = "ALL_BUILD", "ALL_BUILD.vcxproj", "{86140FBA-DA61-3A00-A553-1853B0E116E3}"
	ProjectSection(ProjectDependencies) = postProject
		{C30F5A6B-C9A3-3BF8-B654-8C58EB64AFF4} = {C30F5A6B-C9A3-3BF8-B654-8C58EB64AFF4}
		{97904E22-D55A-3EB2-ACBE-2E034DE40344} = {97904E22-D55A-3EB2-ACBE-2E034DE40344}
		{0323A70B-C1C9-3360-AC7B-F6EC7F89B84C} = {0323A70B-C1C9-3360-AC7B-F6EC7F89B84C}
		{72282593-01C7-3EA6-B6B1-6680E2B6E29D} = {72282593-01C7-3EA6-B6B1-6680E2B6E29D}
		{CB3E20D8-2C41-3B7E-B49A-21D0E86AE943} = {CB3E20D8-2C41-3B7E-B49A-21D0E86AE943}
	EndProjectSection
EndProject
Project("{8BC9CEB8-8B4A-11D0-8D11-00A0C91BC942}") = "INSTALL", "INSTALL.vcxproj", "{10FAD67C-A2EE-3FF8-8B9D-3218A74F1360}"
	ProjectSection(ProjectDependencies) = postProject
		{86140FBA-DA61-3A00-A553-1853B0E116E3} = {86140FBA-DA61-3A00-A553-1853B0E116E3}
		{C30F5A6B-C9A3-3BF8-B654-8C58EB64AFF4} = {C30F5A6B-C9A3-3BF8-B654-8C58EB64AFF4}
	EndProjectSection
EndProject
Project("{8BC9CEB8-8B4A-11D0-8D11-00A0C91BC942}") = "ZERO_CHECK", "ZERO_CHECK.vcxproj", "{C30F5A6B-C9A3-3BF8-B654-8C58EB64AFF4}"
	ProjectSection(ProjectDependencies) = postProject
	EndProjectSection
EndProject
Project("{8BC9CEB8-8B4A-11D0-8D11-00A0C91BC942}") = "glew", "glew.vcxproj", "{97904E22-D55A-3EB2-ACBE-2E034DE40344}"
	ProjectSection(ProjectDependencies) = postProject
		{C30F5A6B-C9A3-3BF8-B654-8C58EB64AFF4} = {C30F5A6B-C9A3-3BF8-B654-8C58EB64AFF4}
	EndProjectSection
EndProject
Project("{8BC9CEB8-8B4A-11D0-8D11-00A0C91BC942}") = "glew_s", "glew_s.vcxproj", "{0323A70B-C1C9-3360-AC7B-F6EC7F89B84C}"
	ProjectSection(ProjectDependencies) = postProject
		{C30F5A6B-C9A3-3BF8-B654-8C58EB64AFF4} = {C30F5A6B-C9A3-3BF8-B654-8C58EB64AFF4}
	EndProjectSection
EndProject
Project("{8BC9CEB8-8B4A-11D0-8D11-00A0C91BC942}") = "glewinfo", "glewinfo.vcxproj", "{72282593-01C7-3EA6-B6B1-6680E2B6E29D}"
	ProjectSection(ProjectDependencies) = postProject
		{C30F5A6B-C9A3-3BF8-B654-8C58EB64AFF4} = {C30F5A6B-C9A3-3BF8-B654-8C58EB64AFF4}
		{97904E22-D55A-3EB2-ACBE-2E034DE40344} = {97904E22-D55A-3EB2-ACBE-2E034DE40344}
	EndProjectSection
EndProject
Project("{8BC9CEB8-8B4A-11D0-8D11-00A0C91BC942}") = "uninstall", "uninstall.vcxproj", "{8443EDB6-4043-3B5B-A1E7-5AF19AAFD457}"
	ProjectSection(ProjectDependencies) = postProject
		{C30F5A6B-C9A3-3BF8-B654-8C58EB64AFF4} = {C30F5A6B-C9A3-3BF8-B654-8C58EB64AFF4}
	EndProjectSection
EndProject
Project("{8BC9CEB8-8B4A-11D0-8D11-00A0C91BC942}") = "visualinfo", "visualinfo.vcxproj", "{CB3E20D8-2C41-3B7E-B49A-21D0E86AE943}"
	ProjectSection(ProjectDependencies) = postProject
		{C30F5A6B-C9A3-3BF8-B654-8C58EB64AFF4} = {C30F5A6B-C9A3-3BF8-B654-8C58EB64AFF4}
		{97904E22-D55A-3EB2-ACBE-2E034DE40344} = {97904E22-D55A-3EB2-ACBE-2E034DE40344}
	EndProjectSection
EndProject
Global
	GlobalSection(SolutionConfigurationPlatforms) = preSolution
		Debug|Win32 = Debug|Win32
		Release|Win32 = Release|Win32
		MinSizeRel|Win32 = MinSizeRel|Win32
		RelWithDebInfo|Win32 = RelWithDebInfo|Win32
	EndGlobalSection
	GlobalSection(ProjectConfigurationPlatforms) = postSolution
		{86140FBA-DA61-3A00-A553-1853B0E116E3}.Debug|Win32.ActiveCfg = Debug|Win32
		{86140FBA-DA61-3A00-A553-1853B0E116E3}.Debug|Win32.Build.0 = Debug|Win32
		{86140FBA-DA61-3A00-A553-1853B0E116E3}.Release|Win32.ActiveCfg = Release|Win32
		{86140FBA-DA61-3A00-A553-1853B0E116E3}.Release|Win32.Build.0 = Release|Win32
		{86140FBA-DA61-3A00-A553-1853B0E116E3}.MinSizeRel|Win32.ActiveCfg = MinSizeRel|Win32
		{86140FBA-DA61-3A00-A553-1853B0E116E3}.MinSizeRel|Win32.Build.0 = MinSizeRel|Win32
		{86140FBA-DA61-3A00-A553-1853B0E116E3}.RelWithDebInfo|Win32.ActiveCfg = RelWithDebInfo|Win32
		{86140FBA-DA61-3A00-A553-1853B0E116E3}.RelWithDebInfo|Win32.Build.0 = RelWithDebInfo|Win32
		{10FAD67C-A2EE-3FF8-8B9D-3218A74F1360}.Debug|Win32.ActiveCfg = Debug|Win32
		{10FAD67C-A2EE-3FF8-8B9D-3218A74F1360}.Release|Win32.ActiveCfg = Release|Win32
		{10FAD67C-A2EE-3FF8-8B9D-3218A74F1360}.MinSizeRel|Win32.ActiveCfg = MinSizeRel|Win32
		{10FAD67C-A2EE-3FF8-8B9D-3218A74F1360}.RelWithDebInfo|Win32.ActiveCfg = RelWithDebInfo|Win32
		{C30F5A6B-C9A3-3BF8-B654-8C58EB64AFF4}.Debug|Win32.ActiveCfg = Debug|Win32
		{C30F5A6B-C9A3-3BF8-B654-8C58EB64AFF4}.Debug|Win32.Build.0 = Debug|Win32
		{C30F5A6B-C9A3-3BF8-B654-8C58EB64AFF4}.Release|Win32.ActiveCfg = Release|Win32
		{C30F5A6B-C9A3-3BF8-B654-8C58EB64AFF4}.Release|Win32.Build.0 = Release|Win32
		{C30F5A6B-C9A3-3BF8-B654-8C58EB64AFF4}.MinSizeRel|Win32.ActiveCfg = MinSizeRel|Win32
		{C30F5A6B-C9A3-3BF8-B654-8C58EB64AFF4}.MinSizeRel|Win32.Build.0 = MinSizeRel|Win32
		{C30F5A6B-C9A3-3BF8-B654-8C58EB64AFF4}.RelWithDebInfo|Win32.ActiveCfg = RelWithDebInfo|Win32
		{C30F5A6B-C9A3-3BF8-B654-8C58EB64AFF4}.RelWithDebInfo|Win32.Build.0 = RelWithDebInfo|Win32
		{97904E22-D55A-3EB2-ACBE-2E034DE40344}.Debug|Win32.ActiveCfg = Debug|Win32
		{97904E22-D55A-3EB2-ACBE-2E034DE40344}.Debug|Win32.Build.0 = Debug|Win32
		{97904E22-D55A-3EB2-ACBE-2E034DE40344}.Release|Win32.ActiveCfg = Release|Win32
		{97904E22-D55A-3EB2-ACBE-2E034DE40344}.Release|Win32.Build.0 = Release|Win32
		{97904E22-D55A-3EB2-ACBE-2E034DE40344}.MinSizeRel|Win32.ActiveCfg = MinSizeRel|Win32
		{97904E22-D55A-3EB2-ACBE-2E034DE40344}.MinSizeRel|Win32.Build.0 = MinSizeRel|Win32
		{97904E22-D55A-3EB2-ACBE-2E034DE40344}.RelWithDebInfo|Win32.ActiveCfg = RelWithDebInfo|Win32
		{97904E22-D55A-3EB2-ACBE-2E034DE40344}.RelWithDebInfo|Win32.Build.0 = RelWithDebInfo|Win32
		{0323A70B-C1C9-3360-AC7B-F6EC7F89B84C}.Debug|Win32.ActiveCfg = Debug|Win32
		{0323A70B-C1C9-3360-AC7B-F6EC7F89B84C}.Debug|Win32.Build.0 = Debug|Win32
		{0323A70B-C1C9-3360-AC7B-F6EC7F89B84C}.Release|Win32.ActiveCfg = Release|Win32
		{0323A70B-C1C9-3360-AC7B-F6EC7F89B84C}.Release|Win32.Build.0 = Release|Win32
		{0323A70B-C1C9-3360-AC7B-F6EC7F89B84C}.MinSizeRel|Win32.ActiveCfg = MinSizeRel|Win32
		{0323A70B-C1C9-3360-AC7B-F6EC7F89B84C}.MinSizeRel|Win32.Build.0 = MinSizeRel|Win32
		{0323A70B-C1C9-3360-AC7B-F6EC7F89B84C}.RelWithDebInfo|Win32.ActiveCfg = RelWithDebInfo|Win32
		{0323A70B-C1C9-3360-AC7B-F6EC7F89B84C}.RelWithDebInfo|Win32.Build.0 = RelWithDebInfo|Win32
		{72282593-01C7-3EA6-B6B1-6680E2B6E29D}.Debug|Win32.ActiveCfg = Debug|Win32
		{72282593-01C7-3EA6-B6B1-6680E2B6E29D}.Debug|Win32.Build.0 = Debug|Win32
		{72282593-01C7-3EA6-B6B1-6680E2B6E29D}.Release|Win32.ActiveCfg = Release|Win32
		{72282593-01C7-3EA6-B6B1-6680E2B6E29D}.Release|Win32.Build.0 = Release|Win32
		{72282593-01C7-3EA6-B6B1-6680E2B6E29D}.MinSizeRel|Win32.ActiveCfg = MinSizeRel|Win32
		{72282593-01C7-3EA6-B6B1-6680E2B6E29D}.MinSizeRel|Win32.Build.0 = MinSizeRel|Win32
		{72282593-01C7-3EA6-B6B1-6680E2B6E29D}.RelWithDebInfo|Win32.ActiveCfg = RelWithDebInfo|Win32
		{72282593-01C7-3EA6-B6B1-6680E2B6E29D}.RelWithDebInfo|Win32.Build.0 = RelWithDebInfo|Win32
		{8443EDB6-4043-3B5B-A1E7-5AF19AAFD457}.Debug|Win32.ActiveCfg = Debug|Win32
		{8443EDB6-4043-3B5B-A1E7-5AF19AAFD457}.Release|Win32.ActiveCfg = Release|Win32
		{8443EDB6-4043-3B5B-A1E7-5AF19AAFD457}.MinSizeRel|Win32.ActiveCfg = MinSizeRel|Win32
		{8443EDB6-4043-3B5B-A1E7-5AF19AAFD457}.RelWithDebInfo|Win32.ActiveCfg = RelWithDebInfo|Win32
		{CB3E20D8-2C41-3B7E-B49A-21D0E86AE943}.Debug|Win32.ActiveCfg = Debug|Win32
		{CB3E20D8-2C41-3B7E-B49A-21D0E86AE943}.Debug|Win32.Build.0 = Debug|Win32
		{CB3E20D8-2C41-3B7E-B49A-21D0E86AE943}.Release|Win32.ActiveCfg = Release|Win32
		{CB3E20D8-2C41-3B7E-B49A-21D0E86AE943}.Release|Win32.Build.0 = Release|Win32
		{CB3E20D8-2C41-3B7E-B49A-21D0E86AE943}.MinSizeRel|Win32.ActiveCfg = MinSizeRel|Win32
		{CB3E20D8-2C41-3B7E-B49A-21D0E86AE943}.MinSizeRel|Win32.Build.0 = MinSizeRel|Win32
		{CB3E20D8-2C41-3B7E-B49A-21D0E86AE943}.RelWithDebInfo|Win32.ActiveCfg = RelWithDebInfo|Win32
		{CB3E20D8-2C41-3B7E-B49A-21D0E86AE943}.RelWithDebInfo|Win32.Build.0 = RelWithDebInfo|Win32
	EndGlobalSection
	GlobalSection(ExtensibilityGlobals) = postSolution
		SolutionGuid = {60FDA9C9-A351-38BE-9380-76DF819F5CDC}
	EndGlobalSection
	GlobalSection(ExtensibilityAddIns) = postSolution
	EndGlobalSection
EndGlobal
