<?xml version="1.0" encoding="utf-8"?>
<Project ToolsVersion="14.0" xmlns="http://schemas.microsoft.com/developer/msbuild/2003">
  <ItemGroup>
    <ClCompile Include="D:\myproject\opengl\LearnOpenGL\src\4.advanced_opengl\9.3.geometry_shader_normals\normal_visualization.cpp">
      <Filter>Source Files</Filter>
    </ClCompile>
  </ItemGroup>
  <ItemGroup>
    <CustomBuild Include="D:\myproject\opengl\LearnOpenGL\CMakeLists.txt" />
  </ItemGroup>
  <ItemGroup>
    <None Include="D:\myproject\opengl\LearnOpenGL\src\4.advanced_opengl\9.3.geometry_shader_normals\9.3.default.vs" />
    <None Include="D:\myproject\opengl\LearnOpenGL\src\4.advanced_opengl\9.3.geometry_shader_normals\9.3.normal_visualization.vs" />
    <None Include="D:\myproject\opengl\LearnOpenGL\src\4.advanced_opengl\9.3.geometry_shader_normals\9.3.default.fs" />
    <None Include="D:\myproject\opengl\LearnOpenGL\src\4.advanced_opengl\9.3.geometry_shader_normals\9.3.normal_visualization.fs" />
    <None Include="D:\myproject\opengl\LearnOpenGL\src\4.advanced_opengl\9.3.geometry_shader_normals\9.3.normal_visualization.gs" />
  </ItemGroup>
  <ItemGroup>
    <Filter Include="Source Files">
      <UniqueIdentifier>{C2833E8A-363A-3A40-BA77-12BFB2A4A941}</UniqueIdentifier>
    </Filter>
  </ItemGroup>
</Project>
