<?xml version="1.0" encoding="utf-8"?>
<Project ToolsVersion="14.0" xmlns="http://schemas.microsoft.com/developer/msbuild/2003">
  <ItemGroup>
    <ClCompile Include="D:\myproject\opengl\LearnOpenGL\src\4.advanced_opengl\3.2.blending_sort\blending_sorted.cpp">
      <Filter>Source Files</Filter>
    </ClCompile>
  </ItemGroup>
  <ItemGroup>
    <CustomBuild Include="D:\myproject\opengl\LearnOpenGL\CMakeLists.txt" />
  </ItemGroup>
  <ItemGroup>
    <None Include="D:\myproject\opengl\LearnOpenGL\src\4.advanced_opengl\3.2.blending_sort\3.2.blending.vs" />
    <None Include="D:\myproject\opengl\LearnOpenGL\src\4.advanced_opengl\3.2.blending_sort\3.2.blending.fs" />
  </ItemGroup>
  <ItemGroup>
    <Filter Include="Source Files">
      <UniqueIdentifier>{C2833E8A-363A-3A40-BA77-12BFB2A4A941}</UniqueIdentifier>
    </Filter>
  </ItemGroup>
</Project>
