<?xml version="1.0" encoding="utf-8"?>
<Project ToolsVersion="14.0" xmlns="http://schemas.microsoft.com/developer/msbuild/2003">
  <ItemGroup>
    <ClCompile Include="D:\myproject\opengl\LearnOpenGL\src\6.pbr\2.1.2.ibl_irradiance\ibl_irradiance.cpp">
      <Filter>Source Files</Filter>
    </ClCompile>
  </ItemGroup>
  <ItemGroup>
    <CustomBuild Include="D:\myproject\opengl\LearnOpenGL\CMakeLists.txt" />
  </ItemGroup>
  <ItemGroup>
    <None Include="D:\myproject\opengl\LearnOpenGL\src\6.pbr\2.1.2.ibl_irradiance\2.1.2.background.vs" />
    <None Include="D:\myproject\opengl\LearnOpenGL\src\6.pbr\2.1.2.ibl_irradiance\2.1.2.cubemap.vs" />
    <None Include="D:\myproject\opengl\LearnOpenGL\src\6.pbr\2.1.2.ibl_irradiance\2.1.2.pbr.vs" />
    <None Include="D:\myproject\opengl\LearnOpenGL\src\6.pbr\2.1.2.ibl_irradiance\2.1.2.background.fs" />
    <None Include="D:\myproject\opengl\LearnOpenGL\src\6.pbr\2.1.2.ibl_irradiance\2.1.2.equirectangular_to_cubemap.fs" />
    <None Include="D:\myproject\opengl\LearnOpenGL\src\6.pbr\2.1.2.ibl_irradiance\2.1.2.irradiance_convolution.fs" />
    <None Include="D:\myproject\opengl\LearnOpenGL\src\6.pbr\2.1.2.ibl_irradiance\2.1.2.pbr.fs" />
  </ItemGroup>
  <ItemGroup>
    <Filter Include="Source Files">
      <UniqueIdentifier>{C2833E8A-363A-3A40-BA77-12BFB2A4A941}</UniqueIdentifier>
    </Filter>
  </ItemGroup>
</Project>
